// !$*UTF8*$!
{
	archiveVersion = 1;
	classes = {
	};
	objectVersion = 56;
	objects = {

/* Begin PBXBuildFile section */
		7A002584C57FAF4D390DEB06 /* Pods_DailyshotClone.framework in Frameworks */ = {isa = PBXBuildFile; fileRef = 069FDD729D8DDC6A74CCD2DE /* Pods_DailyshotClone.framework */; };
		BE4988432C605DF100C59B10 /* CartHeaderView.swift in Sources */ = {isa = PBXBuildFile; fileRef = BE4988422C605DF100C59B10 /* CartHeaderView.swift */; };
		BE4988452C605E5B00C59B10 /* CartFooterView.swift in Sources */ = {isa = PBXBuildFile; fileRef = BE4988442C605E5B00C59B10 /* CartFooterView.swift */; };
		BE4988472C61C24A00C59B10 /* WishListViewController.swift in Sources */ = {isa = PBXBuildFile; fileRef = BE4988462C61C24A00C59B10 /* WishListViewController.swift */; };
		BE4988492C61C34300C59B10 /* WishListViewModel.swift in Sources */ = {isa = PBXBuildFile; fileRef = BE4988482C61C34300C59B10 /* WishListViewModel.swift */; };
		BE49884C2C61C44F00C59B10 /* WishListCell.swift in Sources */ = {isa = PBXBuildFile; fileRef = BE49884B2C61C44F00C59B10 /* WishListCell.swift */; };
		BE4B196E2C59F23200C86417 /* MainTabBarViewController.swift in Sources */ = {isa = PBXBuildFile; fileRef = BE4B196D2C59F23200C86417 /* MainTabBarViewController.swift */; };
		BE4B19702C59F74E00C86417 /* MyPageViewController.swift in Sources */ = {isa = PBXBuildFile; fileRef = BE4B196F2C59F74E00C86417 /* MyPageViewController.swift */; };
		BE4B19722C5B7BCB00C86417 /* CartViewController.swift in Sources */ = {isa = PBXBuildFile; fileRef = BE4B19712C5B7BCB00C86417 /* CartViewController.swift */; };
		BE4B19742C5B7C7C00C86417 /* CartViewModel.swift in Sources */ = {isa = PBXBuildFile; fileRef = BE4B19732C5B7C7C00C86417 /* CartViewModel.swift */; };
		BE4B19772C5B7F2500C86417 /* CartCell.swift in Sources */ = {isa = PBXBuildFile; fileRef = BE4B19762C5B7F2500C86417 /* CartCell.swift */; };
		BE5D6F4F2C32A55B0061651B /* Store.swift in Sources */ = {isa = PBXBuildFile; fileRef = BE5D6F4E2C32A55B0061651B /* Store.swift */; };
		BE5D6F532C3532B50061651B /* .gitignore in Resources */ = {isa = PBXBuildFile; fileRef = BE5D6F522C3532B50061651B /* .gitignore */; };
		BE5D6F5C2C354D520061651B /* ItemDetailDescriptionCell.swift in Sources */ = {isa = PBXBuildFile; fileRef = BE5D6F5B2C354D520061651B /* ItemDetailDescriptionCell.swift */; };
		BE5D6F5E2C3BCF1E0061651B /* ItemDetailTastingNotesCell.swift in Sources */ = {isa = PBXBuildFile; fileRef = BE5D6F5D2C3BCF1E0061651B /* ItemDetailTastingNotesCell.swift */; };
		BE5D6F602C3BFECB0061651B /* ItemDetailInformationCell.swift in Sources */ = {isa = PBXBuildFile; fileRef = BE5D6F5F2C3BFECB0061651B /* ItemDetailInformationCell.swift */; };
		BE5D6F622C3E92480061651B /* SelectStoreViewcontroller.swift in Sources */ = {isa = PBXBuildFile; fileRef = BE5D6F612C3E92480061651B /* SelectStoreViewcontroller.swift */; };
		BE5D6F642C3E92800061651B /* SelectStoreViewModel.swift in Sources */ = {isa = PBXBuildFile; fileRef = BE5D6F632C3E92800061651B /* SelectStoreViewModel.swift */; };
		BE5D6F662C3FBB5D0061651B /* CustomStepper.swift in Sources */ = {isa = PBXBuildFile; fileRef = BE5D6F652C3FBB5D0061651B /* CustomStepper.swift */; };
		BE5D6F682C41307B0061651B /* CategoryViewController.swift in Sources */ = {isa = PBXBuildFile; fileRef = BE5D6F672C41307B0061651B /* CategoryViewController.swift */; };
		BE5D6F6B2C4140290061651B /* CategoryCell.swift in Sources */ = {isa = PBXBuildFile; fileRef = BE5D6F6A2C4140290061651B /* CategoryCell.swift */; };
		BE5D6F6D2C44F3C10061651B /* CategoryViewModel.swift in Sources */ = {isa = PBXBuildFile; fileRef = BE5D6F6C2C44F3C10061651B /* CategoryViewModel.swift */; };
		BE5D6F6F2C45080A0061651B /* CategoryItemListViewController.swift in Sources */ = {isa = PBXBuildFile; fileRef = BE5D6F6E2C45080A0061651B /* CategoryItemListViewController.swift */; };
		BE5D6F712C4508340061651B /* CategoryItemListViewModel.swift in Sources */ = {isa = PBXBuildFile; fileRef = BE5D6F702C4508340061651B /* CategoryItemListViewModel.swift */; };
		BE5D6F732C4517FF0061651B /* FilterView.swift in Sources */ = {isa = PBXBuildFile; fileRef = BE5D6F722C4517FF0061651B /* FilterView.swift */; };
		BE5D6F752C4659B50061651B /* FilterListViewController.swift in Sources */ = {isa = PBXBuildFile; fileRef = BE5D6F742C4659B50061651B /* FilterListViewController.swift */; };
		BE5D6F772C466BDE0061651B /* FilterListViewModel.swift in Sources */ = {isa = PBXBuildFile; fileRef = BE5D6F762C466BDE0061651B /* FilterListViewModel.swift */; };
		BE5D6F792C47966A0061651B /* FilterListCell.swift in Sources */ = {isa = PBXBuildFile; fileRef = BE5D6F782C47966A0061651B /* FilterListCell.swift */; };
		BE5D6F7B2C47A4C60061651B /* SectionBackgroundView.swift in Sources */ = {isa = PBXBuildFile; fileRef = BE5D6F7A2C47A4C60061651B /* SectionBackgroundView.swift */; };
		BE5D6F7D2C47AB560061651B /* FilterListHeaderCell.swift in Sources */ = {isa = PBXBuildFile; fileRef = BE5D6F7C2C47AB550061651B /* FilterListHeaderCell.swift */; };
		BE5D6F7F2C47E3660061651B /* C_SeparatorView.swift in Sources */ = {isa = PBXBuildFile; fileRef = BE5D6F7E2C47E3660061651B /* C_SeparatorView.swift */; };
		BE5D6F812C523E090061651B /* GoogleService-Info.plist in Resources */ = {isa = PBXBuildFile; fileRef = BE5D6F802C523E090061651B /* GoogleService-Info.plist */; };
		BE7550712C12CF2800854C4D /* AppDelegate.swift in Sources */ = {isa = PBXBuildFile; fileRef = BE7550702C12CF2800854C4D /* AppDelegate.swift */; };
		BE7550732C12CF2800854C4D /* SceneDelegate.swift in Sources */ = {isa = PBXBuildFile; fileRef = BE7550722C12CF2800854C4D /* SceneDelegate.swift */; };
		BE7550782C12CF2800854C4D /* Base in Resources */ = {isa = PBXBuildFile; fileRef = BE7550772C12CF2800854C4D /* Base */; };
		BE75507A2C12CF2900854C4D /* Assets.xcassets in Resources */ = {isa = PBXBuildFile; fileRef = BE7550792C12CF2900854C4D /* Assets.xcassets */; };
		BE75507D2C12CF2900854C4D /* Base in Resources */ = {isa = PBXBuildFile; fileRef = BE75507C2C12CF2900854C4D /* Base */; };
		BE7550892C12D3D600854C4D /* HomeViewController.swift in Sources */ = {isa = PBXBuildFile; fileRef = BE7550882C12D3D600854C4D /* HomeViewController.swift */; };
		BE75508B2C12D6B800854C4D /* HomeViewModel.swift in Sources */ = {isa = PBXBuildFile; fileRef = BE75508A2C12D6B800854C4D /* HomeViewModel.swift */; };
		BE75508E2C12FAA600854C4D /* BannerCell.swift in Sources */ = {isa = PBXBuildFile; fileRef = BE75508D2C12FAA600854C4D /* BannerCell.swift */; };
		BEC145022C16E24400D228C1 /* Item.swift in Sources */ = {isa = PBXBuildFile; fileRef = BEC145012C16E24400D228C1 /* Item.swift */; };
		BEC145042C16E96600D228C1 /* BannerImageCell.swift in Sources */ = {isa = PBXBuildFile; fileRef = BEC145032C16E96600D228C1 /* BannerImageCell.swift */; };
		BEC145072C1982F700D228C1 /* productData.json in Resources */ = {isa = PBXBuildFile; fileRef = BEC145062C1982F700D228C1 /* productData.json */; };
		BEC1450A2C19897A00D228C1 /* WebService.swift in Sources */ = {isa = PBXBuildFile; fileRef = BEC145092C19897A00D228C1 /* WebService.swift */; };
		BEC1450C2C199ECE00D228C1 /* MenuCell.swift in Sources */ = {isa = PBXBuildFile; fileRef = BEC1450B2C199ECE00D228C1 /* MenuCell.swift */; };
		BEC1450E2C19B8F900D228C1 /* MenuButtonCell.swift in Sources */ = {isa = PBXBuildFile; fileRef = BEC1450D2C19B8F900D228C1 /* MenuButtonCell.swift */; };
		BEC145102C1A8F2300D228C1 /* SmallItemCell.swift in Sources */ = {isa = PBXBuildFile; fileRef = BEC1450F2C1A8F2300D228C1 /* SmallItemCell.swift */; };
		BEC145122C1AB0F400D228C1 /* SmallItemImageCell.swift in Sources */ = {isa = PBXBuildFile; fileRef = BEC145112C1AB0F400D228C1 /* SmallItemImageCell.swift */; };
		BEC145142C1AE01400D228C1 /* MediumItemCell.swift in Sources */ = {isa = PBXBuildFile; fileRef = BEC145132C1AE01400D228C1 /* MediumItemCell.swift */; };
		BEC145162C1AE05F00D228C1 /* MediumItemImageCell.swift in Sources */ = {isa = PBXBuildFile; fileRef = BEC145152C1AE05F00D228C1 /* MediumItemImageCell.swift */; };
		BEC145182C1AE14F00D228C1 /* LargeItemCell.swift in Sources */ = {isa = PBXBuildFile; fileRef = BEC145172C1AE14F00D228C1 /* LargeItemCell.swift */; };
		BEC1451A2C1AE16700D228C1 /* LargeItemImageCell.swift in Sources */ = {isa = PBXBuildFile; fileRef = BEC145192C1AE16700D228C1 /* LargeItemImageCell.swift */; };
		BEC1451C2C22B14800D228C1 /* HomeDataSource.swift in Sources */ = {isa = PBXBuildFile; fileRef = BEC1451B2C22B14800D228C1 /* HomeDataSource.swift */; };
		BEC1451E2C22B76E00D228C1 /* HomeItemHeaderCell.swift in Sources */ = {isa = PBXBuildFile; fileRef = BEC1451D2C22B76E00D228C1 /* HomeItemHeaderCell.swift */; };
		BEC145202C22D5DE00D228C1 /* ItemListViewController.swift in Sources */ = {isa = PBXBuildFile; fileRef = BEC1451F2C22D5DE00D228C1 /* ItemListViewController.swift */; };
		BEC145222C22D63800D228C1 /* ItemListViewModel.swift in Sources */ = {isa = PBXBuildFile; fileRef = BEC145212C22D63800D228C1 /* ItemListViewModel.swift */; };
		BEC145242C22D73000D228C1 /* ViewModelBindableType.swift in Sources */ = {isa = PBXBuildFile; fileRef = BEC145232C22D73000D228C1 /* ViewModelBindableType.swift */; };
		BEC145262C290E8400D228C1 /* ItemListHeaderCell.swift in Sources */ = {isa = PBXBuildFile; fileRef = BEC145252C290E8400D228C1 /* ItemListHeaderCell.swift */; };
		BEC145282C2BF45900D228C1 /* HomeCellType.swift in Sources */ = {isa = PBXBuildFile; fileRef = BEC145272C2BF45900D228C1 /* HomeCellType.swift */; };
		BEC1452A2C2BFB8D00D228C1 /* ItemDetailViewController.swift in Sources */ = {isa = PBXBuildFile; fileRef = BEC145292C2BFB8D00D228C1 /* ItemDetailViewController.swift */; };
		BEC1452C2C2BFBBF00D228C1 /* ItemDetailViewModel.swift in Sources */ = {isa = PBXBuildFile; fileRef = BEC1452B2C2BFBBF00D228C1 /* ItemDetailViewModel.swift */; };
		BEC1452E2C2C04EA00D228C1 /* ItemDetailMainCell.swift in Sources */ = {isa = PBXBuildFile; fileRef = BEC1452D2C2C04EA00D228C1 /* ItemDetailMainCell.swift */; };
		BEC145302C2C050100D228C1 /* ItemDetailReviewCell.swift in Sources */ = {isa = PBXBuildFile; fileRef = BEC1452F2C2C050100D228C1 /* ItemDetailReviewCell.swift */; };
		BEC145322C2C051400D228C1 /* ItemDetailStoreCell.swift in Sources */ = {isa = PBXBuildFile; fileRef = BEC145312C2C051400D228C1 /* ItemDetailStoreCell.swift */; };
		BEC145362C2C08FF00D228C1 /* Extensions.swift in Sources */ = {isa = PBXBuildFile; fileRef = BEC145352C2C08FF00D228C1 /* Extensions.swift */; };
		BEC145382C2C0B6200D228C1 /* DetailDataSource.swift in Sources */ = {isa = PBXBuildFile; fileRef = BEC145372C2C0B6200D228C1 /* DetailDataSource.swift */; };
/* End PBXBuildFile section */

/* Begin PBXFileReference section */
		069FDD729D8DDC6A74CCD2DE /* Pods_DailyshotClone.framework */ = {isa = PBXFileReference; explicitFileType = wrapper.framework; includeInIndex = 0; path = Pods_DailyshotClone.framework; sourceTree = BUILT_PRODUCTS_DIR; };
		3551E7E6FBED07DFD320D939 /* Pods-DailyshotClone.debug.xcconfig */ = {isa = PBXFileReference; includeInIndex = 1; lastKnownFileType = text.xcconfig; name = "Pods-DailyshotClone.debug.xcconfig"; path = "Target Support Files/Pods-DailyshotClone/Pods-DailyshotClone.debug.xcconfig"; sourceTree = "<group>"; };
		BE4988422C605DF100C59B10 /* CartHeaderView.swift */ = {isa = PBXFileReference; lastKnownFileType = sourcecode.swift; path = CartHeaderView.swift; sourceTree = "<group>"; };
		BE4988442C605E5B00C59B10 /* CartFooterView.swift */ = {isa = PBXFileReference; lastKnownFileType = sourcecode.swift; path = CartFooterView.swift; sourceTree = "<group>"; };
		BE4988462C61C24A00C59B10 /* WishListViewController.swift */ = {isa = PBXFileReference; lastKnownFileType = sourcecode.swift; path = WishListViewController.swift; sourceTree = "<group>"; };
		BE4988482C61C34300C59B10 /* WishListViewModel.swift */ = {isa = PBXFileReference; lastKnownFileType = sourcecode.swift; path = WishListViewModel.swift; sourceTree = "<group>"; };
		BE49884B2C61C44F00C59B10 /* WishListCell.swift */ = {isa = PBXFileReference; lastKnownFileType = sourcecode.swift; path = WishListCell.swift; sourceTree = "<group>"; };
		BE4B196D2C59F23200C86417 /* MainTabBarViewController.swift */ = {isa = PBXFileReference; lastKnownFileType = sourcecode.swift; path = MainTabBarViewController.swift; sourceTree = "<group>"; };
		BE4B196F2C59F74E00C86417 /* MyPageViewController.swift */ = {isa = PBXFileReference; lastKnownFileType = sourcecode.swift; path = MyPageViewController.swift; sourceTree = "<group>"; };
		BE4B19712C5B7BCB00C86417 /* CartViewController.swift */ = {isa = PBXFileReference; lastKnownFileType = sourcecode.swift; path = CartViewController.swift; sourceTree = "<group>"; };
		BE4B19732C5B7C7C00C86417 /* CartViewModel.swift */ = {isa = PBXFileReference; lastKnownFileType = sourcecode.swift; path = CartViewModel.swift; sourceTree = "<group>"; };
		BE4B19762C5B7F2500C86417 /* CartCell.swift */ = {isa = PBXFileReference; lastKnownFileType = sourcecode.swift; path = CartCell.swift; sourceTree = "<group>"; };
		BE5D6F4E2C32A55B0061651B /* Store.swift */ = {isa = PBXFileReference; lastKnownFileType = sourcecode.swift; path = Store.swift; sourceTree = "<group>"; };
		BE5D6F522C3532B50061651B /* .gitignore */ = {isa = PBXFileReference; lastKnownFileType = text; path = .gitignore; sourceTree = "<group>"; };
		BE5D6F572C3538370061651B /* Config.xcconfig */ = {isa = PBXFileReference; lastKnownFileType = text.xcconfig; path = Config.xcconfig; sourceTree = "<group>"; };
		BE5D6F5B2C354D520061651B /* ItemDetailDescriptionCell.swift */ = {isa = PBXFileReference; lastKnownFileType = sourcecode.swift; path = ItemDetailDescriptionCell.swift; sourceTree = "<group>"; };
		BE5D6F5D2C3BCF1E0061651B /* ItemDetailTastingNotesCell.swift */ = {isa = PBXFileReference; lastKnownFileType = sourcecode.swift; path = ItemDetailTastingNotesCell.swift; sourceTree = "<group>"; };
		BE5D6F5F2C3BFECB0061651B /* ItemDetailInformationCell.swift */ = {isa = PBXFileReference; lastKnownFileType = sourcecode.swift; path = ItemDetailInformationCell.swift; sourceTree = "<group>"; };
		BE5D6F612C3E92480061651B /* SelectStoreViewcontroller.swift */ = {isa = PBXFileReference; lastKnownFileType = sourcecode.swift; path = SelectStoreViewcontroller.swift; sourceTree = "<group>"; };
		BE5D6F632C3E92800061651B /* SelectStoreViewModel.swift */ = {isa = PBXFileReference; lastKnownFileType = sourcecode.swift; path = SelectStoreViewModel.swift; sourceTree = "<group>"; };
		BE5D6F652C3FBB5D0061651B /* CustomStepper.swift */ = {isa = PBXFileReference; lastKnownFileType = sourcecode.swift; path = CustomStepper.swift; sourceTree = "<group>"; };
		BE5D6F672C41307B0061651B /* CategoryViewController.swift */ = {isa = PBXFileReference; lastKnownFileType = sourcecode.swift; path = CategoryViewController.swift; sourceTree = "<group>"; };
		BE5D6F6A2C4140290061651B /* CategoryCell.swift */ = {isa = PBXFileReference; lastKnownFileType = sourcecode.swift; path = CategoryCell.swift; sourceTree = "<group>"; };
		BE5D6F6C2C44F3C10061651B /* CategoryViewModel.swift */ = {isa = PBXFileReference; lastKnownFileType = sourcecode.swift; path = CategoryViewModel.swift; sourceTree = "<group>"; };
		BE5D6F6E2C45080A0061651B /* CategoryItemListViewController.swift */ = {isa = PBXFileReference; lastKnownFileType = sourcecode.swift; path = CategoryItemListViewController.swift; sourceTree = "<group>"; };
		BE5D6F702C4508340061651B /* CategoryItemListViewModel.swift */ = {isa = PBXFileReference; lastKnownFileType = sourcecode.swift; path = CategoryItemListViewModel.swift; sourceTree = "<group>"; };
		BE5D6F722C4517FF0061651B /* FilterView.swift */ = {isa = PBXFileReference; lastKnownFileType = sourcecode.swift; path = FilterView.swift; sourceTree = "<group>"; };
		BE5D6F742C4659B50061651B /* FilterListViewController.swift */ = {isa = PBXFileReference; lastKnownFileType = sourcecode.swift; path = FilterListViewController.swift; sourceTree = "<group>"; };
		BE5D6F762C466BDE0061651B /* FilterListViewModel.swift */ = {isa = PBXFileReference; lastKnownFileType = sourcecode.swift; path = FilterListViewModel.swift; sourceTree = "<group>"; };
		BE5D6F782C47966A0061651B /* FilterListCell.swift */ = {isa = PBXFileReference; lastKnownFileType = sourcecode.swift; path = FilterListCell.swift; sourceTree = "<group>"; };
		BE5D6F7A2C47A4C60061651B /* SectionBackgroundView.swift */ = {isa = PBXFileReference; lastKnownFileType = sourcecode.swift; path = SectionBackgroundView.swift; sourceTree = "<group>"; };
		BE5D6F7C2C47AB550061651B /* FilterListHeaderCell.swift */ = {isa = PBXFileReference; lastKnownFileType = sourcecode.swift; path = FilterListHeaderCell.swift; sourceTree = "<group>"; };
		BE5D6F7E2C47E3660061651B /* C_SeparatorView.swift */ = {isa = PBXFileReference; lastKnownFileType = sourcecode.swift; path = C_SeparatorView.swift; sourceTree = "<group>"; };
		BE5D6F802C523E090061651B /* GoogleService-Info.plist */ = {isa = PBXFileReference; fileEncoding = 4; lastKnownFileType = text.plist.xml; path = "GoogleService-Info.plist"; sourceTree = "<group>"; };
		BE75506D2C12CF2800854C4D /* DailyshotClone.app */ = {isa = PBXFileReference; explicitFileType = wrapper.application; includeInIndex = 0; path = DailyshotClone.app; sourceTree = BUILT_PRODUCTS_DIR; };
		BE7550702C12CF2800854C4D /* AppDelegate.swift */ = {isa = PBXFileReference; lastKnownFileType = sourcecode.swift; path = AppDelegate.swift; sourceTree = "<group>"; };
		BE7550722C12CF2800854C4D /* SceneDelegate.swift */ = {isa = PBXFileReference; lastKnownFileType = sourcecode.swift; path = SceneDelegate.swift; sourceTree = "<group>"; };
		BE7550772C12CF2800854C4D /* Base */ = {isa = PBXFileReference; lastKnownFileType = file.storyboard; name = Base; path = Base.lproj/Main.storyboard; sourceTree = "<group>"; };
		BE7550792C12CF2900854C4D /* Assets.xcassets */ = {isa = PBXFileReference; lastKnownFileType = folder.assetcatalog; path = Assets.xcassets; sourceTree = "<group>"; };
		BE75507C2C12CF2900854C4D /* Base */ = {isa = PBXFileReference; lastKnownFileType = file.storyboard; name = Base; path = Base.lproj/LaunchScreen.storyboard; sourceTree = "<group>"; };
		BE75507E2C12CF2900854C4D /* Info.plist */ = {isa = PBXFileReference; lastKnownFileType = text.plist.xml; path = Info.plist; sourceTree = "<group>"; };
		BE7550882C12D3D600854C4D /* HomeViewController.swift */ = {isa = PBXFileReference; lastKnownFileType = sourcecode.swift; name = HomeViewController.swift; path = ../../../DailyshotClone/DailyshotClone/ViewControllers/HomeViewController.swift; sourceTree = "<group>"; };
		BE75508A2C12D6B800854C4D /* HomeViewModel.swift */ = {isa = PBXFileReference; lastKnownFileType = sourcecode.swift; path = HomeViewModel.swift; sourceTree = "<group>"; };
		BE75508D2C12FAA600854C4D /* BannerCell.swift */ = {isa = PBXFileReference; lastKnownFileType = sourcecode.swift; path = BannerCell.swift; sourceTree = "<group>"; };
		BEC145012C16E24400D228C1 /* Item.swift */ = {isa = PBXFileReference; lastKnownFileType = sourcecode.swift; path = Item.swift; sourceTree = "<group>"; };
		BEC145032C16E96600D228C1 /* BannerImageCell.swift */ = {isa = PBXFileReference; lastKnownFileType = sourcecode.swift; path = BannerImageCell.swift; sourceTree = "<group>"; };
		BEC145062C1982F700D228C1 /* productData.json */ = {isa = PBXFileReference; fileEncoding = 4; lastKnownFileType = text.json; path = productData.json; sourceTree = "<group>"; };
		BEC145092C19897A00D228C1 /* WebService.swift */ = {isa = PBXFileReference; lastKnownFileType = sourcecode.swift; path = WebService.swift; sourceTree = "<group>"; };
		BEC1450B2C199ECE00D228C1 /* MenuCell.swift */ = {isa = PBXFileReference; lastKnownFileType = sourcecode.swift; path = MenuCell.swift; sourceTree = "<group>"; };
		BEC1450D2C19B8F900D228C1 /* MenuButtonCell.swift */ = {isa = PBXFileReference; lastKnownFileType = sourcecode.swift; path = MenuButtonCell.swift; sourceTree = "<group>"; };
		BEC1450F2C1A8F2300D228C1 /* SmallItemCell.swift */ = {isa = PBXFileReference; lastKnownFileType = sourcecode.swift; path = SmallItemCell.swift; sourceTree = "<group>"; };
		BEC145112C1AB0F400D228C1 /* SmallItemImageCell.swift */ = {isa = PBXFileReference; lastKnownFileType = sourcecode.swift; path = SmallItemImageCell.swift; sourceTree = "<group>"; };
		BEC145132C1AE01400D228C1 /* MediumItemCell.swift */ = {isa = PBXFileReference; lastKnownFileType = sourcecode.swift; path = MediumItemCell.swift; sourceTree = "<group>"; };
		BEC145152C1AE05F00D228C1 /* MediumItemImageCell.swift */ = {isa = PBXFileReference; lastKnownFileType = sourcecode.swift; path = MediumItemImageCell.swift; sourceTree = "<group>"; };
		BEC145172C1AE14F00D228C1 /* LargeItemCell.swift */ = {isa = PBXFileReference; lastKnownFileType = sourcecode.swift; path = LargeItemCell.swift; sourceTree = "<group>"; };
		BEC145192C1AE16700D228C1 /* LargeItemImageCell.swift */ = {isa = PBXFileReference; lastKnownFileType = sourcecode.swift; path = LargeItemImageCell.swift; sourceTree = "<group>"; };
		BEC1451B2C22B14800D228C1 /* HomeDataSource.swift */ = {isa = PBXFileReference; lastKnownFileType = sourcecode.swift; path = HomeDataSource.swift; sourceTree = "<group>"; };
		BEC1451D2C22B76E00D228C1 /* HomeItemHeaderCell.swift */ = {isa = PBXFileReference; lastKnownFileType = sourcecode.swift; path = HomeItemHeaderCell.swift; sourceTree = "<group>"; };
		BEC1451F2C22D5DE00D228C1 /* ItemListViewController.swift */ = {isa = PBXFileReference; lastKnownFileType = sourcecode.swift; path = ItemListViewController.swift; sourceTree = "<group>"; };
		BEC145212C22D63800D228C1 /* ItemListViewModel.swift */ = {isa = PBXFileReference; lastKnownFileType = sourcecode.swift; path = ItemListViewModel.swift; sourceTree = "<group>"; };
		BEC145232C22D73000D228C1 /* ViewModelBindableType.swift */ = {isa = PBXFileReference; lastKnownFileType = sourcecode.swift; path = ViewModelBindableType.swift; sourceTree = "<group>"; };
		BEC145252C290E8400D228C1 /* ItemListHeaderCell.swift */ = {isa = PBXFileReference; lastKnownFileType = sourcecode.swift; path = ItemListHeaderCell.swift; sourceTree = "<group>"; };
		BEC145272C2BF45900D228C1 /* HomeCellType.swift */ = {isa = PBXFileReference; lastKnownFileType = sourcecode.swift; path = HomeCellType.swift; sourceTree = "<group>"; };
		BEC145292C2BFB8D00D228C1 /* ItemDetailViewController.swift */ = {isa = PBXFileReference; lastKnownFileType = sourcecode.swift; path = ItemDetailViewController.swift; sourceTree = "<group>"; };
		BEC1452B2C2BFBBF00D228C1 /* ItemDetailViewModel.swift */ = {isa = PBXFileReference; lastKnownFileType = sourcecode.swift; path = ItemDetailViewModel.swift; sourceTree = "<group>"; };
		BEC1452D2C2C04EA00D228C1 /* ItemDetailMainCell.swift */ = {isa = PBXFileReference; lastKnownFileType = sourcecode.swift; path = ItemDetailMainCell.swift; sourceTree = "<group>"; };
		BEC1452F2C2C050100D228C1 /* ItemDetailReviewCell.swift */ = {isa = PBXFileReference; lastKnownFileType = sourcecode.swift; path = ItemDetailReviewCell.swift; sourceTree = "<group>"; };
		BEC145312C2C051400D228C1 /* ItemDetailStoreCell.swift */ = {isa = PBXFileReference; lastKnownFileType = sourcecode.swift; path = ItemDetailStoreCell.swift; sourceTree = "<group>"; };
		BEC145352C2C08FF00D228C1 /* Extensions.swift */ = {isa = PBXFileReference; lastKnownFileType = sourcecode.swift; path = Extensions.swift; sourceTree = "<group>"; };
		BEC145372C2C0B6200D228C1 /* DetailDataSource.swift */ = {isa = PBXFileReference; lastKnownFileType = sourcecode.swift; path = DetailDataSource.swift; sourceTree = "<group>"; };
		FB98158FB027096DD170998A /* Pods-DailyshotClone.release.xcconfig */ = {isa = PBXFileReference; includeInIndex = 1; lastKnownFileType = text.xcconfig; name = "Pods-DailyshotClone.release.xcconfig"; path = "Target Support Files/Pods-DailyshotClone/Pods-DailyshotClone.release.xcconfig"; sourceTree = "<group>"; };
/* End PBXFileReference section */

/* Begin PBXFrameworksBuildPhase section */
		BE75506A2C12CF2800854C4D /* Frameworks */ = {
			isa = PBXFrameworksBuildPhase;
			buildActionMask = 2147483647;
			files = (
				7A002584C57FAF4D390DEB06 /* Pods_DailyshotClone.framework in Frameworks */,
			);
			runOnlyForDeploymentPostprocessing = 0;
		};
/* End PBXFrameworksBuildPhase section */

/* Begin PBXGroup section */
		5478098EA95660F4DE7AB5BE /* Frameworks */ = {
			isa = PBXGroup;
			children = (
				069FDD729D8DDC6A74CCD2DE /* Pods_DailyshotClone.framework */,
			);
			name = Frameworks;
			sourceTree = "<group>";
		};
		B97DA10ED87C95BD13F91E65 /* Pods */ = {
			isa = PBXGroup;
			children = (
				3551E7E6FBED07DFD320D939 /* Pods-DailyshotClone.debug.xcconfig */,
				FB98158FB027096DD170998A /* Pods-DailyshotClone.release.xcconfig */,
			);
			path = Pods;
			sourceTree = "<group>";
		};
		BE49884A2C61C3A600C59B10 /* WishList */ = {
			isa = PBXGroup;
			children = (
				BE49884B2C61C44F00C59B10 /* WishListCell.swift */,
			);
			path = WishList;
			sourceTree = "<group>";
		};
		BE4B19752C5B7F0000C86417 /* Cart */ = {
			isa = PBXGroup;
			children = (
				BE4B19762C5B7F2500C86417 /* CartCell.swift */,
				BE4988422C605DF100C59B10 /* CartHeaderView.swift */,
				BE4988442C605E5B00C59B10 /* CartFooterView.swift */,
			);
			path = Cart;
			sourceTree = "<group>";
		};
		BE5D6F692C4140160061651B /* Category */ = {
			isa = PBXGroup;
			children = (
				BE5D6F6A2C4140290061651B /* CategoryCell.swift */,
				BE5D6F722C4517FF0061651B /* FilterView.swift */,
				BE5D6F782C47966A0061651B /* FilterListCell.swift */,
				BE5D6F7C2C47AB550061651B /* FilterListHeaderCell.swift */,
				BE5D6F7A2C47A4C60061651B /* SectionBackgroundView.swift */,
			);
			path = Category;
			sourceTree = "<group>";
		};
		BE7550642C12CF2800854C4D = {
			isa = PBXGroup;
			children = (
				BE5D6F522C3532B50061651B /* .gitignore */,
				BE5D6F572C3538370061651B /* Config.xcconfig */,
				BE75506F2C12CF2800854C4D /* DailyshotClone */,
				BE75506E2C12CF2800854C4D /* Products */,
				B97DA10ED87C95BD13F91E65 /* Pods */,
				5478098EA95660F4DE7AB5BE /* Frameworks */,
			);
			sourceTree = "<group>";
		};
		BE75506E2C12CF2800854C4D /* Products */ = {
			isa = PBXGroup;
			children = (
				BE75506D2C12CF2800854C4D /* DailyshotClone.app */,
			);
			name = Products;
			sourceTree = "<group>";
		};
		BE75506F2C12CF2800854C4D /* DailyshotClone */ = {
			isa = PBXGroup;
			children = (
				BE5D6F802C523E090061651B /* GoogleService-Info.plist */,
				BEC145052C1982BF00D228C1 /* Resource */,
				BEC145082C1988B400D228C1 /* Services */,
				BE7550842C12CFB100854C4D /* Models */,
				BE75508C2C12FA9100854C4D /* Views */,
				BE7550852C12CFC100854C4D /* ViewModels */,
				BE7550862C12CFC800854C4D /* ViewControllers */,
				BE7550872C12CFE100854C4D /* Predifined */,
			);
			path = DailyshotClone;
			sourceTree = "<group>";
		};
		BE7550842C12CFB100854C4D /* Models */ = {
			isa = PBXGroup;
			children = (
				BEC145012C16E24400D228C1 /* Item.swift */,
				BE5D6F4E2C32A55B0061651B /* Store.swift */,
				BEC1451B2C22B14800D228C1 /* HomeDataSource.swift */,
				BEC145372C2C0B6200D228C1 /* DetailDataSource.swift */,
			);
			path = Models;
			sourceTree = "<group>";
		};
		BE7550852C12CFC100854C4D /* ViewModels */ = {
			isa = PBXGroup;
			children = (
				BE75508A2C12D6B800854C4D /* HomeViewModel.swift */,
				BE4B19732C5B7C7C00C86417 /* CartViewModel.swift */,
				BE5D6F6C2C44F3C10061651B /* CategoryViewModel.swift */,
				BE5D6F702C4508340061651B /* CategoryItemListViewModel.swift */,
				BE5D6F762C466BDE0061651B /* FilterListViewModel.swift */,
				BEC145212C22D63800D228C1 /* ItemListViewModel.swift */,
				BEC1452B2C2BFBBF00D228C1 /* ItemDetailViewModel.swift */,
				BE4988482C61C34300C59B10 /* WishListViewModel.swift */,
				BE5D6F632C3E92800061651B /* SelectStoreViewModel.swift */,
			);
			path = ViewModels;
			sourceTree = "<group>";
		};
		BE7550862C12CFC800854C4D /* ViewControllers */ = {
			isa = PBXGroup;
			children = (
				BE4B196D2C59F23200C86417 /* MainTabBarViewController.swift */,
				BEC145232C22D73000D228C1 /* ViewModelBindableType.swift */,
				BE7550882C12D3D600854C4D /* HomeViewController.swift */,
				BE4B19712C5B7BCB00C86417 /* CartViewController.swift */,
				BE5D6F672C41307B0061651B /* CategoryViewController.swift */,
				BE5D6F6E2C45080A0061651B /* CategoryItemListViewController.swift */,
				BE5D6F742C4659B50061651B /* FilterListViewController.swift */,
				BEC1451F2C22D5DE00D228C1 /* ItemListViewController.swift */,
				BEC145292C2BFB8D00D228C1 /* ItemDetailViewController.swift */,
				BE5D6F612C3E92480061651B /* SelectStoreViewcontroller.swift */,
				BE4988462C61C24A00C59B10 /* WishListViewController.swift */,
				BE4B196F2C59F74E00C86417 /* MyPageViewController.swift */,
			);
			path = ViewControllers;
			sourceTree = "<group>";
		};
		BE7550872C12CFE100854C4D /* Predifined */ = {
			isa = PBXGroup;
			children = (
				BE7550702C12CF2800854C4D /* AppDelegate.swift */,
				BE7550722C12CF2800854C4D /* SceneDelegate.swift */,
				BE7550792C12CF2900854C4D /* Assets.xcassets */,
				BE75507B2C12CF2900854C4D /* LaunchScreen.storyboard */,
				BE7550762C12CF2800854C4D /* Main.storyboard */,
				BE75507E2C12CF2900854C4D /* Info.plist */,
			);
			path = Predifined;
			sourceTree = "<group>";
		};
		BE75508C2C12FA9100854C4D /* Views */ = {
			isa = PBXGroup;
			children = (
				BE5D6F7E2C47E3660061651B /* C_SeparatorView.swift */,
				BEC145332C2C051B00D228C1 /* Home+List */,
				BE4B19752C5B7F0000C86417 /* Cart */,
				BE5D6F692C4140160061651B /* Category */,
				BEC145342C2C052300D228C1 /* Detail */,
				BE49884A2C61C3A600C59B10 /* WishList */,
			);
			path = Views;
			sourceTree = "<group>";
		};
		BEC145052C1982BF00D228C1 /* Resource */ = {
			isa = PBXGroup;
			children = (
				BEC145062C1982F700D228C1 /* productData.json */,
			);
			path = Resource;
			sourceTree = "<group>";
		};
		BEC145082C1988B400D228C1 /* Services */ = {
			isa = PBXGroup;
			children = (
				BEC145092C19897A00D228C1 /* WebService.swift */,
				BEC145352C2C08FF00D228C1 /* Extensions.swift */,
				BE5D6F652C3FBB5D0061651B /* CustomStepper.swift */,
			);
			path = Services;
			sourceTree = "<group>";
		};
		BEC145332C2C051B00D228C1 /* Home+List */ = {
			isa = PBXGroup;
			children = (
				BE75508D2C12FAA600854C4D /* BannerCell.swift */,
				BEC145032C16E96600D228C1 /* BannerImageCell.swift */,
				BEC1450B2C199ECE00D228C1 /* MenuCell.swift */,
				BEC1450D2C19B8F900D228C1 /* MenuButtonCell.swift */,
				BEC1450F2C1A8F2300D228C1 /* SmallItemCell.swift */,
				BEC145112C1AB0F400D228C1 /* SmallItemImageCell.swift */,
				BEC145132C1AE01400D228C1 /* MediumItemCell.swift */,
				BEC145152C1AE05F00D228C1 /* MediumItemImageCell.swift */,
				BEC145172C1AE14F00D228C1 /* LargeItemCell.swift */,
				BEC145192C1AE16700D228C1 /* LargeItemImageCell.swift */,
				BEC1451D2C22B76E00D228C1 /* HomeItemHeaderCell.swift */,
				BEC145252C290E8400D228C1 /* ItemListHeaderCell.swift */,
				BEC145272C2BF45900D228C1 /* HomeCellType.swift */,
			);
			path = "Home+List";
			sourceTree = "<group>";
		};
		BEC145342C2C052300D228C1 /* Detail */ = {
			isa = PBXGroup;
			children = (
				BEC1452D2C2C04EA00D228C1 /* ItemDetailMainCell.swift */,
				BEC145312C2C051400D228C1 /* ItemDetailStoreCell.swift */,
				BEC1452F2C2C050100D228C1 /* ItemDetailReviewCell.swift */,
				BE5D6F5B2C354D520061651B /* ItemDetailDescriptionCell.swift */,
				BE5D6F5D2C3BCF1E0061651B /* ItemDetailTastingNotesCell.swift */,
				BE5D6F5F2C3BFECB0061651B /* ItemDetailInformationCell.swift */,
			);
			path = Detail;
			sourceTree = "<group>";
		};
/* End PBXGroup section */

/* Begin PBXNativeTarget section */
		BE75506C2C12CF2800854C4D /* DailyshotClone */ = {
			isa = PBXNativeTarget;
			buildConfigurationList = BE7550812C12CF2900854C4D /* Build configuration list for PBXNativeTarget "DailyshotClone" */;
			buildPhases = (
				8CDFD4D56935C806783BD573 /* [CP] Check Pods Manifest.lock */,
				BE7550692C12CF2800854C4D /* Sources */,
				BE75506A2C12CF2800854C4D /* Frameworks */,
				BE75506B2C12CF2800854C4D /* Resources */,
				4537E36E8E59B31E3641DE12 /* [CP] Embed Pods Frameworks */,
			);
			buildRules = (
			);
			dependencies = (
			);
			name = DailyshotClone;
			productName = dailyshotClone;
			productReference = BE75506D2C12CF2800854C4D /* DailyshotClone.app */;
			productType = "com.apple.product-type.application";
		};
/* End PBXNativeTarget section */

/* Begin PBXProject section */
		BE7550652C12CF2800854C4D /* Project object */ = {
			isa = PBXProject;
			attributes = {
				BuildIndependentTargetsInParallel = 1;
				LastSwiftUpdateCheck = 1540;
				LastUpgradeCheck = 1540;
				TargetAttributes = {
					BE75506C2C12CF2800854C4D = {
						CreatedOnToolsVersion = 15.4;
					};
				};
			};
			buildConfigurationList = BE7550682C12CF2800854C4D /* Build configuration list for PBXProject "DailyshotClone" */;
			compatibilityVersion = "Xcode 14.0";
			developmentRegion = en;
			hasScannedForEncodings = 0;
			knownRegions = (
				en,
				Base,
			);
			mainGroup = BE7550642C12CF2800854C4D;
			productRefGroup = BE75506E2C12CF2800854C4D /* Products */;
			projectDirPath = "";
			projectRoot = "";
			targets = (
				BE75506C2C12CF2800854C4D /* DailyshotClone */,
			);
		};
/* End PBXProject section */

/* Begin PBXResourcesBuildPhase section */
		BE75506B2C12CF2800854C4D /* Resources */ = {
			isa = PBXResourcesBuildPhase;
			buildActionMask = 2147483647;
			files = (
				BE5D6F532C3532B50061651B /* .gitignore in Resources */,
				BEC145072C1982F700D228C1 /* productData.json in Resources */,
				BE75507A2C12CF2900854C4D /* Assets.xcassets in Resources */,
				BE75507D2C12CF2900854C4D /* Base in Resources */,
				BE5D6F812C523E090061651B /* GoogleService-Info.plist in Resources */,
				BE7550782C12CF2800854C4D /* Base in Resources */,
			);
			runOnlyForDeploymentPostprocessing = 0;
		};
/* End PBXResourcesBuildPhase section */

/* Begin PBXShellScriptBuildPhase section */
		4537E36E8E59B31E3641DE12 /* [CP] Embed Pods Frameworks */ = {
			isa = PBXShellScriptBuildPhase;
			buildActionMask = 2147483647;
			files = (
			);
			inputFileListPaths = (
				"${PODS_ROOT}/Target Support Files/Pods-DailyshotClone/Pods-DailyshotClone-frameworks-${CONFIGURATION}-input-files.xcfilelist",
			);
			name = "[CP] Embed Pods Frameworks";
			outputFileListPaths = (
				"${PODS_ROOT}/Target Support Files/Pods-DailyshotClone/Pods-DailyshotClone-frameworks-${CONFIGURATION}-output-files.xcfilelist",
			);
			runOnlyForDeploymentPostprocessing = 0;
			shellPath = /bin/sh;
			shellScript = "\"${PODS_ROOT}/Target Support Files/Pods-DailyshotClone/Pods-DailyshotClone-frameworks.sh\"\n";
			showEnvVarsInLog = 0;
		};
		8CDFD4D56935C806783BD573 /* [CP] Check Pods Manifest.lock */ = {
			isa = PBXShellScriptBuildPhase;
			buildActionMask = 2147483647;
			files = (
			);
			inputFileListPaths = (
			);
			inputPaths = (
				"${PODS_PODFILE_DIR_PATH}/Podfile.lock",
				"${PODS_ROOT}/Manifest.lock",
			);
			name = "[CP] Check Pods Manifest.lock";
			outputFileListPaths = (
			);
			outputPaths = (
				"$(DERIVED_FILE_DIR)/Pods-DailyshotClone-checkManifestLockResult.txt",
			);
			runOnlyForDeploymentPostprocessing = 0;
			shellPath = /bin/sh;
			shellScript = "diff \"${PODS_PODFILE_DIR_PATH}/Podfile.lock\" \"${PODS_ROOT}/Manifest.lock\" > /dev/null\nif [ $? != 0 ] ; then\n    # print error to STDERR\n    echo \"error: The sandbox is not in sync with the Podfile.lock. Run 'pod install' or update your CocoaPods installation.\" >&2\n    exit 1\nfi\n# This output is used by Xcode 'outputs' to avoid re-running this script phase.\necho \"SUCCESS\" > \"${SCRIPT_OUTPUT_FILE_0}\"\n";
			showEnvVarsInLog = 0;
		};
/* End PBXShellScriptBuildPhase section */

/* Begin PBXSourcesBuildPhase section */
		BE7550692C12CF2800854C4D /* Sources */ = {
			isa = PBXSourcesBuildPhase;
			buildActionMask = 2147483647;
			files = (
				BE5D6F5C2C354D520061651B /* ItemDetailDescriptionCell.swift in Sources */,
				BE5D6F622C3E92480061651B /* SelectStoreViewcontroller.swift in Sources */,
				BE5D6F7B2C47A4C60061651B /* SectionBackgroundView.swift in Sources */,
				BE5D6F752C4659B50061651B /* FilterListViewController.swift in Sources */,
				BEC1451A2C1AE16700D228C1 /* LargeItemImageCell.swift in Sources */,
				BE4B196E2C59F23200C86417 /* MainTabBarViewController.swift in Sources */,
				BEC145182C1AE14F00D228C1 /* LargeItemCell.swift in Sources */,
				BEC1452A2C2BFB8D00D228C1 /* ItemDetailViewController.swift in Sources */,
				BEC145382C2C0B6200D228C1 /* DetailDataSource.swift in Sources */,
				BE4988492C61C34300C59B10 /* WishListViewModel.swift in Sources */,
				BEC1450A2C19897A00D228C1 /* WebService.swift in Sources */,
				BE4B19702C59F74E00C86417 /* MyPageViewController.swift in Sources */,
				BE5D6F5E2C3BCF1E0061651B /* ItemDetailTastingNotesCell.swift in Sources */,
				BE7550712C12CF2800854C4D /* AppDelegate.swift in Sources */,
				BE4988472C61C24A00C59B10 /* WishListViewController.swift in Sources */,
				BEC1451E2C22B76E00D228C1 /* HomeItemHeaderCell.swift in Sources */,
				BEC145162C1AE05F00D228C1 /* MediumItemImageCell.swift in Sources */,
				BEC145362C2C08FF00D228C1 /* Extensions.swift in Sources */,
				BE5D6F6F2C45080A0061651B /* CategoryItemListViewController.swift in Sources */,
				BE5D6F6D2C44F3C10061651B /* CategoryViewModel.swift in Sources */,
				BE5D6F7D2C47AB560061651B /* FilterListHeaderCell.swift in Sources */,
				BEC1450C2C199ECE00D228C1 /* MenuCell.swift in Sources */,
				BE5D6F712C4508340061651B /* CategoryItemListViewModel.swift in Sources */,
				BE75508E2C12FAA600854C4D /* BannerCell.swift in Sources */,
				BEC145042C16E96600D228C1 /* BannerImageCell.swift in Sources */,
				BE4B19742C5B7C7C00C86417 /* CartViewModel.swift in Sources */,
				BEC145262C290E8400D228C1 /* ItemListHeaderCell.swift in Sources */,
				BEC145322C2C051400D228C1 /* ItemDetailStoreCell.swift in Sources */,
				BE5D6F602C3BFECB0061651B /* ItemDetailInformationCell.swift in Sources */,
				BE4988452C605E5B00C59B10 /* CartFooterView.swift in Sources */,
				BE5D6F642C3E92800061651B /* SelectStoreViewModel.swift in Sources */,
				BEC145242C22D73000D228C1 /* ViewModelBindableType.swift in Sources */,
				BE5D6F662C3FBB5D0061651B /* CustomStepper.swift in Sources */,
				BE7550732C12CF2800854C4D /* SceneDelegate.swift in Sources */,
				BE5D6F682C41307B0061651B /* CategoryViewController.swift in Sources */,
				BEC145122C1AB0F400D228C1 /* SmallItemImageCell.swift in Sources */,
				BE4B19722C5B7BCB00C86417 /* CartViewController.swift in Sources */,
				BE5D6F792C47966A0061651B /* FilterListCell.swift in Sources */,
				BEC145202C22D5DE00D228C1 /* ItemListViewController.swift in Sources */,
				BEC1450E2C19B8F900D228C1 /* MenuButtonCell.swift in Sources */,
				BE5D6F6B2C4140290061651B /* CategoryCell.swift in Sources */,
				BEC1452C2C2BFBBF00D228C1 /* ItemDetailViewModel.swift in Sources */,
				BEC145302C2C050100D228C1 /* ItemDetailReviewCell.swift in Sources */,
				BEC1452E2C2C04EA00D228C1 /* ItemDetailMainCell.swift in Sources */,
				BE7550892C12D3D600854C4D /* HomeViewController.swift in Sources */,
				BEC145142C1AE01400D228C1 /* MediumItemCell.swift in Sources */,
				BE4988432C605DF100C59B10 /* CartHeaderView.swift in Sources */,
				BE4B19772C5B7F2500C86417 /* CartCell.swift in Sources */,
				BEC1451C2C22B14800D228C1 /* HomeDataSource.swift in Sources */,
				BEC145102C1A8F2300D228C1 /* SmallItemCell.swift in Sources */,
				BE5D6F732C4517FF0061651B /* FilterView.swift in Sources */,
				BEC145222C22D63800D228C1 /* ItemListViewModel.swift in Sources */,
				BE5D6F4F2C32A55B0061651B /* Store.swift in Sources */,
				BE5D6F772C466BDE0061651B /* FilterListViewModel.swift in Sources */,
				BEC145022C16E24400D228C1 /* Item.swift in Sources */,
				BE75508B2C12D6B800854C4D /* HomeViewModel.swift in Sources */,
				BE5D6F7F2C47E3660061651B /* C_SeparatorView.swift in Sources */,
				BEC145282C2BF45900D228C1 /* HomeCellType.swift in Sources */,
				BE49884C2C61C44F00C59B10 /* WishListCell.swift in Sources */,
			);
			runOnlyForDeploymentPostprocessing = 0;
		};
/* End PBXSourcesBuildPhase section */

/* Begin PBXVariantGroup section */
		BE7550762C12CF2800854C4D /* Main.storyboard */ = {
			isa = PBXVariantGroup;
			children = (
				BE7550772C12CF2800854C4D /* Base */,
			);
			name = Main.storyboard;
			sourceTree = "<group>";
		};
		BE75507B2C12CF2900854C4D /* LaunchScreen.storyboard */ = {
			isa = PBXVariantGroup;
			children = (
				BE75507C2C12CF2900854C4D /* Base */,
			);
			name = LaunchScreen.storyboard;
			sourceTree = "<group>";
		};
/* End PBXVariantGroup section */

/* Begin XCBuildConfiguration section */
		BE75507F2C12CF2900854C4D /* Debug */ = {
			isa = XCBuildConfiguration;
			baseConfigurationReference = BE5D6F572C3538370061651B /* Config.xcconfig */;
			buildSettings = {
				ALWAYS_SEARCH_USER_PATHS = NO;
				ASSETCATALOG_COMPILER_GENERATE_SWIFT_ASSET_SYMBOL_EXTENSIONS = YES;
				CLANG_ANALYZER_NONNULL = YES;
				CLANG_ANALYZER_NUMBER_OBJECT_CONVERSION = YES_AGGRESSIVE;
				CLANG_CXX_LANGUAGE_STANDARD = "gnu++20";
				CLANG_ENABLE_MODULES = YES;
				CLANG_ENABLE_OBJC_ARC = YES;
				CLANG_ENABLE_OBJC_WEAK = YES;
				CLANG_WARN_BLOCK_CAPTURE_AUTORELEASING = YES;
				CLANG_WARN_BOOL_CONVERSION = YES;
				CLANG_WARN_COMMA = YES;
				CLANG_WARN_CONSTANT_CONVERSION = YES;
				CLANG_WARN_DEPRECATED_OBJC_IMPLEMENTATIONS = YES;
				CLANG_WARN_DIRECT_OBJC_ISA_USAGE = YES_ERROR;
				CLANG_WARN_DOCUMENTATION_COMMENTS = YES;
				CLANG_WARN_EMPTY_BODY = YES;
				CLANG_WARN_ENUM_CONVERSION = YES;
				CLANG_WARN_INFINITE_RECURSION = YES;
				CLANG_WARN_INT_CONVERSION = YES;
				CLANG_WARN_NON_LITERAL_NULL_CONVERSION = YES;
				CLANG_WARN_OBJC_IMPLICIT_RETAIN_SELF = YES;
				CLANG_WARN_OBJC_LITERAL_CONVERSION = YES;
				CLANG_WARN_OBJC_ROOT_CLASS = YES_ERROR;
				CLANG_WARN_QUOTED_INCLUDE_IN_FRAMEWORK_HEADER = YES;
				CLANG_WARN_RANGE_LOOP_ANALYSIS = YES;
				CLANG_WARN_STRICT_PROTOTYPES = YES;
				CLANG_WARN_SUSPICIOUS_MOVE = YES;
				CLANG_WARN_UNGUARDED_AVAILABILITY = YES_AGGRESSIVE;
				CLANG_WARN_UNREACHABLE_CODE = YES;
				CLANG_WARN__DUPLICATE_METHOD_MATCH = YES;
				COPY_PHASE_STRIP = NO;
				DEBUG_INFORMATION_FORMAT = dwarf;
				ENABLE_STRICT_OBJC_MSGSEND = YES;
				ENABLE_TESTABILITY = YES;
				ENABLE_USER_SCRIPT_SANDBOXING = YES;
				GCC_C_LANGUAGE_STANDARD = gnu17;
				GCC_DYNAMIC_NO_PIC = NO;
				GCC_NO_COMMON_BLOCKS = YES;
				GCC_OPTIMIZATION_LEVEL = 0;
				GCC_PREPROCESSOR_DEFINITIONS = (
					"DEBUG=1",
					"$(inherited)",
				);
				GCC_WARN_64_TO_32_BIT_CONVERSION = YES;
				GCC_WARN_ABOUT_RETURN_TYPE = YES_ERROR;
				GCC_WARN_UNDECLARED_SELECTOR = YES;
				GCC_WARN_UNINITIALIZED_AUTOS = YES_AGGRESSIVE;
				GCC_WARN_UNUSED_FUNCTION = YES;
				GCC_WARN_UNUSED_VARIABLE = YES;
				IPHONEOS_DEPLOYMENT_TARGET = 15.2;
				LOCALIZATION_PREFERS_STRING_CATALOGS = YES;
				MTL_ENABLE_DEBUG_INFO = INCLUDE_SOURCE;
				MTL_FAST_MATH = YES;
				ONLY_ACTIVE_ARCH = YES;
				SDKROOT = iphoneos;
				SWIFT_ACTIVE_COMPILATION_CONDITIONS = "DEBUG $(inherited)";
				SWIFT_OPTIMIZATION_LEVEL = "-Onone";
			};
			name = Debug;
		};
		BE7550802C12CF2900854C4D /* Release */ = {
			isa = XCBuildConfiguration;
			buildSettings = {
				ALWAYS_SEARCH_USER_PATHS = NO;
				ASSETCATALOG_COMPILER_GENERATE_SWIFT_ASSET_SYMBOL_EXTENSIONS = YES;
				CLANG_ANALYZER_NONNULL = YES;
				CLANG_ANALYZER_NUMBER_OBJECT_CONVERSION = YES_AGGRESSIVE;
				CLANG_CXX_LANGUAGE_STANDARD = "gnu++20";
				CLANG_ENABLE_MODULES = YES;
				CLANG_ENABLE_OBJC_ARC = YES;
				CLANG_ENABLE_OBJC_WEAK = YES;
				CLANG_WARN_BLOCK_CAPTURE_AUTORELEASING = YES;
				CLANG_WARN_BOOL_CONVERSION = YES;
				CLANG_WARN_COMMA = YES;
				CLANG_WARN_CONSTANT_CONVERSION = YES;
				CLANG_WARN_DEPRECATED_OBJC_IMPLEMENTATIONS = YES;
				CLANG_WARN_DIRECT_OBJC_ISA_USAGE = YES_ERROR;
				CLANG_WARN_DOCUMENTATION_COMMENTS = YES;
				CLANG_WARN_EMPTY_BODY = YES;
				CLANG_WARN_ENUM_CONVERSION = YES;
				CLANG_WARN_INFINITE_RECURSION = YES;
				CLANG_WARN_INT_CONVERSION = YES;
				CLANG_WARN_NON_LITERAL_NULL_CONVERSION = YES;
				CLANG_WARN_OBJC_IMPLICIT_RETAIN_SELF = YES;
				CLANG_WARN_OBJC_LITERAL_CONVERSION = YES;
				CLANG_WARN_OBJC_ROOT_CLASS = YES_ERROR;
				CLANG_WARN_QUOTED_INCLUDE_IN_FRAMEWORK_HEADER = YES;
				CLANG_WARN_RANGE_LOOP_ANALYSIS = YES;
				CLANG_WARN_STRICT_PROTOTYPES = YES;
				CLANG_WARN_SUSPICIOUS_MOVE = YES;
				CLANG_WARN_UNGUARDED_AVAILABILITY = YES_AGGRESSIVE;
				CLANG_WARN_UNREACHABLE_CODE = YES;
				CLANG_WARN__DUPLICATE_METHOD_MATCH = YES;
				COPY_PHASE_STRIP = NO;
				DEBUG_INFORMATION_FORMAT = "dwarf-with-dsym";
				ENABLE_NS_ASSERTIONS = NO;
				ENABLE_STRICT_OBJC_MSGSEND = YES;
				ENABLE_USER_SCRIPT_SANDBOXING = YES;
				GCC_C_LANGUAGE_STANDARD = gnu17;
				GCC_NO_COMMON_BLOCKS = YES;
				GCC_WARN_64_TO_32_BIT_CONVERSION = YES;
				GCC_WARN_ABOUT_RETURN_TYPE = YES_ERROR;
				GCC_WARN_UNDECLARED_SELECTOR = YES;
				GCC_WARN_UNINITIALIZED_AUTOS = YES_AGGRESSIVE;
				GCC_WARN_UNUSED_FUNCTION = YES;
				GCC_WARN_UNUSED_VARIABLE = YES;
				IPHONEOS_DEPLOYMENT_TARGET = 15.2;
				LOCALIZATION_PREFERS_STRING_CATALOGS = YES;
				MTL_ENABLE_DEBUG_INFO = NO;
				MTL_FAST_MATH = YES;
				SDKROOT = iphoneos;
				SWIFT_COMPILATION_MODE = wholemodule;
				VALIDATE_PRODUCT = YES;
			};
			name = Release;
		};
		BE7550822C12CF2900854C4D /* Debug */ = {
			isa = XCBuildConfiguration;
			baseConfigurationReference = 3551E7E6FBED07DFD320D939 /* Pods-DailyshotClone.debug.xcconfig */;
			buildSettings = {
				ASSETCATALOG_COMPILER_APPICON_NAME = AppIcon;
				ASSETCATALOG_COMPILER_GLOBAL_ACCENT_COLOR_NAME = AccentColor;
				CODE_SIGN_STYLE = Automatic;
				CURRENT_PROJECT_VERSION = 1;
				DEVELOPMENT_TEAM = 5VQ9DRSPK5;
				ENABLE_USER_SCRIPT_SANDBOXING = NO;
				GENERATE_INFOPLIST_FILE = YES;
				INFOPLIST_FILE = dailyshotClone/predifined/Info.plist;
				INFOPLIST_KEY_UIApplicationSupportsIndirectInputEvents = YES;
				INFOPLIST_KEY_UILaunchStoryboardName = LaunchScreen;
				INFOPLIST_KEY_UIMainStoryboardFile = Main;
				INFOPLIST_KEY_UISupportedInterfaceOrientations_iPad = "UIInterfaceOrientationPortrait UIInterfaceOrientationPortraitUpsideDown UIInterfaceOrientationLandscapeLeft UIInterfaceOrientationLandscapeRight";
				INFOPLIST_KEY_UISupportedInterfaceOrientations_iPhone = "UIInterfaceOrientationPortrait UIInterfaceOrientationLandscapeLeft UIInterfaceOrientationLandscapeRight";
				LD_RUNPATH_SEARCH_PATHS = (
					"$(inherited)",
					"@executable_path/Frameworks",
				);
				MARKETING_VERSION = 1.0;
				PRODUCT_BUNDLE_IDENTIFIER = dw0124.dailyshotClone;
				PRODUCT_NAME = "$(TARGET_NAME)";
				SWIFT_EMIT_LOC_STRINGS = YES;
				SWIFT_VERSION = 5.0;
				TARGETED_DEVICE_FAMILY = "1,2";
			};
			name = Debug;
		};
		BE7550832C12CF2900854C4D /* Release */ = {
			isa = XCBuildConfiguration;
			baseConfigurationReference = FB98158FB027096DD170998A /* Pods-DailyshotClone.release.xcconfig */;
			buildSettings = {
				ASSETCATALOG_COMPILER_APPICON_NAME = AppIcon;
				ASSETCATALOG_COMPILER_GLOBAL_ACCENT_COLOR_NAME = AccentColor;
				CODE_SIGN_STYLE = Automatic;
				CURRENT_PROJECT_VERSION = 1;
				DEVELOPMENT_TEAM = 5VQ9DRSPK5;
				ENABLE_USER_SCRIPT_SANDBOXING = NO;
				GENERATE_INFOPLIST_FILE = YES;
				INFOPLIST_FILE = dailyshotClone/predifined/Info.plist;
				INFOPLIST_KEY_UIApplicationSupportsIndirectInputEvents = YES;
				INFOPLIST_KEY_UILaunchStoryboardName = LaunchScreen;
				INFOPLIST_KEY_UIMainStoryboardFile = Main;
				INFOPLIST_KEY_UISupportedInterfaceOrientations_iPad = "UIInterfaceOrientationPortrait UIInterfaceOrientationPortraitUpsideDown UIInterfaceOrientationLandscapeLeft UIInterfaceOrientationLandscapeRight";
				INFOPLIST_KEY_UISupportedInterfaceOrientations_iPhone = "UIInterfaceOrientationPortrait UIInterfaceOrientationLandscapeLeft UIInterfaceOrientationLandscapeRight";
				LD_RUNPATH_SEARCH_PATHS = (
					"$(inherited)",
					"@executable_path/Frameworks",
				);
				MARKETING_VERSION = 1.0;
				PRODUCT_BUNDLE_IDENTIFIER = dw0124.dailyshotClone;
				PRODUCT_NAME = "$(TARGET_NAME)";
				SWIFT_EMIT_LOC_STRINGS = YES;
				SWIFT_VERSION = 5.0;
				TARGETED_DEVICE_FAMILY = "1,2";
			};
			name = Release;
		};
/* End XCBuildConfiguration section */

/* Begin XCConfigurationList section */
		BE7550682C12CF2800854C4D /* Build configuration list for PBXProject "DailyshotClone" */ = {
			isa = XCConfigurationList;
			buildConfigurations = (
				BE75507F2C12CF2900854C4D /* Debug */,
				BE7550802C12CF2900854C4D /* Release */,
			);
			defaultConfigurationIsVisible = 0;
			defaultConfigurationName = Release;
		};
		BE7550812C12CF2900854C4D /* Build configuration list for PBXNativeTarget "DailyshotClone" */ = {
			isa = XCConfigurationList;
			buildConfigurations = (
				BE7550822C12CF2900854C4D /* Debug */,
				BE7550832C12CF2900854C4D /* Release */,
			);
			defaultConfigurationIsVisible = 0;
			defaultConfigurationName = Release;
		};
/* End XCConfigurationList section */
	};
	rootObject = BE7550652C12CF2800854C4D /* Project object */;
}
